// !$*UTF8*$!
{
	archiveVersion = 1;
	classes = {
	};
	objectVersion = 46;
	objects = {

/* Begin PBXBuildFile section */
		AA1E93071AC2FEC600E603FA /* LogInViewController.m in Sources */ = {isa = PBXBuildFile; fileRef = AA1E93061AC2FEC600E603FA /* LogInViewController.m */; };
		AA24BA361ABA1F6900635E2B /* main.m in Sources */ = {isa = PBXBuildFile; fileRef = AA24BA351ABA1F6900635E2B /* main.m */; };
		AA24BA391ABA1F6900635E2B /* AppDelegate.m in Sources */ = {isa = PBXBuildFile; fileRef = AA24BA381ABA1F6900635E2B /* AppDelegate.m */; };
		AA24BA3C1ABA1F6900635E2B /* ViewController.m in Sources */ = {isa = PBXBuildFile; fileRef = AA24BA3B1ABA1F6900635E2B /* ViewController.m */; };
		AA24BA411ABA1F6900635E2B /* Images.xcassets in Resources */ = {isa = PBXBuildFile; fileRef = AA24BA401ABA1F6900635E2B /* Images.xcassets */; };
		AA24BA501ABA1F6900635E2B /* BlocstagramTests.m in Sources */ = {isa = PBXBuildFile; fileRef = AA24BA4F1ABA1F6900635E2B /* BlocstagramTests.m */; };
		AA24BA641ABA20C400635E2B /* 1.jpg in Resources */ = {isa = PBXBuildFile; fileRef = AA24BA5A1ABA20C400635E2B /* 1.jpg */; };
		AA24BA651ABA20C400635E2B /* 2.jpg in Resources */ = {isa = PBXBuildFile; fileRef = AA24BA5B1ABA20C400635E2B /* 2.jpg */; };
		AA24BA661ABA20C400635E2B /* 3.jpg in Resources */ = {isa = PBXBuildFile; fileRef = AA24BA5C1ABA20C400635E2B /* 3.jpg */; };
		AA24BA671ABA20C400635E2B /* 4.jpg in Resources */ = {isa = PBXBuildFile; fileRef = AA24BA5D1ABA20C400635E2B /* 4.jpg */; };
		AA24BA681ABA20C400635E2B /* 5.jpg in Resources */ = {isa = PBXBuildFile; fileRef = AA24BA5E1ABA20C400635E2B /* 5.jpg */; };
		AA24BA691ABA20C400635E2B /* 6.jpg in Resources */ = {isa = PBXBuildFile; fileRef = AA24BA5F1ABA20C400635E2B /* 6.jpg */; };
		AA24BA6A1ABA20C400635E2B /* 7.jpg in Resources */ = {isa = PBXBuildFile; fileRef = AA24BA601ABA20C400635E2B /* 7.jpg */; };
		AA24BA6B1ABA20C400635E2B /* 8.jpg in Resources */ = {isa = PBXBuildFile; fileRef = AA24BA611ABA20C400635E2B /* 8.jpg */; };
		AA24BA6C1ABA20C400635E2B /* 9.jpg in Resources */ = {isa = PBXBuildFile; fileRef = AA24BA621ABA20C400635E2B /* 9.jpg */; };
		AA24BA6D1ABA20C400635E2B /* 10.jpg in Resources */ = {isa = PBXBuildFile; fileRef = AA24BA631ABA20C400635E2B /* 10.jpg */; };
		AA24BA731ABA212E00635E2B /* ImagesTableViewController.m in Sources */ = {isa = PBXBuildFile; fileRef = AA24BA721ABA212E00635E2B /* ImagesTableViewController.m */; };
		AA4A8D191ABC55190086C23B /* MediaTableViewCell.m in Sources */ = {isa = PBXBuildFile; fileRef = AA4A8D181ABC55190086C23B /* MediaTableViewCell.m */; };
		AAE1F1571ABB568F0046A783 /* User.m in Sources */ = {isa = PBXBuildFile; fileRef = AAE1F1561ABB568F0046A783 /* User.m */; };
		AAE1F15A1ABB57830046A783 /* Media.m in Sources */ = {isa = PBXBuildFile; fileRef = AAE1F1591ABB57830046A783 /* Media.m */; };
		AAE1F15D1ABB58590046A783 /* Comment.m in Sources */ = {isa = PBXBuildFile; fileRef = AAE1F15C1ABB58590046A783 /* Comment.m */; };
		AAE1F1601ABB590C0046A783 /* DataSource.m in Sources */ = {isa = PBXBuildFile; fileRef = AAE1F15F1ABB590C0046A783 /* DataSource.m */; };
/* End PBXBuildFile section */

/* Begin PBXContainerItemProxy section */
		AA24BA4A1ABA1F6900635E2B /* PBXContainerItemProxy */ = {
			isa = PBXContainerItemProxy;
			containerPortal = AA24BA281ABA1F6900635E2B /* Project object */;
			proxyType = 1;
			remoteGlobalIDString = AA24BA2F1ABA1F6900635E2B;
			remoteInfo = Blocstagram;
		};
/* End PBXContainerItemProxy section */

/* Begin PBXFileReference section */
		AA1E93051AC2FEC600E603FA /* LogInViewController.h */ = {isa = PBXFileReference; fileEncoding = 4; lastKnownFileType = sourcecode.c.h; path = LogInViewController.h; sourceTree = "<group>"; };
		AA1E93061AC2FEC600E603FA /* LogInViewController.m */ = {isa = PBXFileReference; fileEncoding = 4; lastKnownFileType = sourcecode.c.objc; path = LogInViewController.m; sourceTree = "<group>"; };
		AA24BA301ABA1F6900635E2B /* Blocstagram.app */ = {isa = PBXFileReference; explicitFileType = wrapper.application; includeInIndex = 0; path = Blocstagram.app; sourceTree = BUILT_PRODUCTS_DIR; };
		AA24BA341ABA1F6900635E2B /* Info.plist */ = {isa = PBXFileReference; lastKnownFileType = text.plist.xml; path = Info.plist; sourceTree = "<group>"; };
		AA24BA351ABA1F6900635E2B /* main.m */ = {isa = PBXFileReference; lastKnownFileType = sourcecode.c.objc; path = main.m; sourceTree = "<group>"; };
		AA24BA371ABA1F6900635E2B /* AppDelegate.h */ = {isa = PBXFileReference; lastKnownFileType = sourcecode.c.h; path = AppDelegate.h; sourceTree = "<group>"; };
		AA24BA381ABA1F6900635E2B /* AppDelegate.m */ = {isa = PBXFileReference; lastKnownFileType = sourcecode.c.objc; path = AppDelegate.m; sourceTree = "<group>"; };
		AA24BA3A1ABA1F6900635E2B /* ViewController.h */ = {isa = PBXFileReference; lastKnownFileType = sourcecode.c.h; path = ViewController.h; sourceTree = "<group>"; };
		AA24BA3B1ABA1F6900635E2B /* ViewController.m */ = {isa = PBXFileReference; lastKnownFileType = sourcecode.c.objc; path = ViewController.m; sourceTree = "<group>"; };
		AA24BA401ABA1F6900635E2B /* Images.xcassets */ = {isa = PBXFileReference; lastKnownFileType = folder.assetcatalog; path = Images.xcassets; sourceTree = "<group>"; };
		AA24BA491ABA1F6900635E2B /* BlocstagramTests.xctest */ = {isa = PBXFileReference; explicitFileType = wrapper.cfbundle; includeInIndex = 0; path = BlocstagramTests.xctest; sourceTree = BUILT_PRODUCTS_DIR; };
		AA24BA4E1ABA1F6900635E2B /* Info.plist */ = {isa = PBXFileReference; lastKnownFileType = text.plist.xml; path = Info.plist; sourceTree = "<group>"; };
		AA24BA4F1ABA1F6900635E2B /* BlocstagramTests.m */ = {isa = PBXFileReference; lastKnownFileType = sourcecode.c.objc; path = BlocstagramTests.m; sourceTree = "<group>"; };
		AA24BA5A1ABA20C400635E2B /* 1.jpg */ = {isa = PBXFileReference; lastKnownFileType = image.jpeg; path = 1.jpg; sourceTree = "<group>"; };
		AA24BA5B1ABA20C400635E2B /* 2.jpg */ = {isa = PBXFileReference; lastKnownFileType = image.jpeg; path = 2.jpg; sourceTree = "<group>"; };
		AA24BA5C1ABA20C400635E2B /* 3.jpg */ = {isa = PBXFileReference; lastKnownFileType = image.jpeg; path = 3.jpg; sourceTree = "<group>"; };
		AA24BA5D1ABA20C400635E2B /* 4.jpg */ = {isa = PBXFileReference; lastKnownFileType = image.jpeg; path = 4.jpg; sourceTree = "<group>"; };
		AA24BA5E1ABA20C400635E2B /* 5.jpg */ = {isa = PBXFileReference; lastKnownFileType = image.jpeg; path = 5.jpg; sourceTree = "<group>"; };
		AA24BA5F1ABA20C400635E2B /* 6.jpg */ = {isa = PBXFileReference; lastKnownFileType = image.jpeg; path = 6.jpg; sourceTree = "<group>"; };
		AA24BA601ABA20C400635E2B /* 7.jpg */ = {isa = PBXFileReference; lastKnownFileType = image.jpeg; path = 7.jpg; sourceTree = "<group>"; };
		AA24BA611ABA20C400635E2B /* 8.jpg */ = {isa = PBXFileReference; lastKnownFileType = image.jpeg; path = 8.jpg; sourceTree = "<group>"; };
		AA24BA621ABA20C400635E2B /* 9.jpg */ = {isa = PBXFileReference; lastKnownFileType = image.jpeg; path = 9.jpg; sourceTree = "<group>"; };
		AA24BA631ABA20C400635E2B /* 10.jpg */ = {isa = PBXFileReference; lastKnownFileType = image.jpeg; path = 10.jpg; sourceTree = "<group>"; };
		AA24BA711ABA212E00635E2B /* ImagesTableViewController.h */ = {isa = PBXFileReference; fileEncoding = 4; lastKnownFileType = sourcecode.c.h; path = ImagesTableViewController.h; sourceTree = "<group>"; };
		AA24BA721ABA212E00635E2B /* ImagesTableViewController.m */ = {isa = PBXFileReference; fileEncoding = 4; lastKnownFileType = sourcecode.c.objc; path = ImagesTableViewController.m; sourceTree = "<group>"; };
		AA4A8D171ABC55190086C23B /* MediaTableViewCell.h */ = {isa = PBXFileReference; fileEncoding = 4; lastKnownFileType = sourcecode.c.h; path = MediaTableViewCell.h; sourceTree = "<group>"; };
		AA4A8D181ABC55190086C23B /* MediaTableViewCell.m */ = {isa = PBXFileReference; fileEncoding = 4; lastKnownFileType = sourcecode.c.objc; path = MediaTableViewCell.m; sourceTree = "<group>"; };
		AAE1F1551ABB568F0046A783 /* User.h */ = {isa = PBXFileReference; fileEncoding = 4; lastKnownFileType = sourcecode.c.h; path = User.h; sourceTree = "<group>"; };
		AAE1F1561ABB568F0046A783 /* User.m */ = {isa = PBXFileReference; fileEncoding = 4; lastKnownFileType = sourcecode.c.objc; path = User.m; sourceTree = "<group>"; };
		AAE1F1581ABB57830046A783 /* Media.h */ = {isa = PBXFileReference; fileEncoding = 4; lastKnownFileType = sourcecode.c.h; path = Media.h; sourceTree = "<group>"; };
		AAE1F1591ABB57830046A783 /* Media.m */ = {isa = PBXFileReference; fileEncoding = 4; lastKnownFileType = sourcecode.c.objc; path = Media.m; sourceTree = "<group>"; };
		AAE1F15B1ABB58590046A783 /* Comment.h */ = {isa = PBXFileReference; fileEncoding = 4; lastKnownFileType = sourcecode.c.h; path = Comment.h; sourceTree = "<group>"; };
		AAE1F15C1ABB58590046A783 /* Comment.m */ = {isa = PBXFileReference; fileEncoding = 4; lastKnownFileType = sourcecode.c.objc; path = Comment.m; sourceTree = "<group>"; };
		AAE1F15E1ABB590C0046A783 /* DataSource.h */ = {isa = PBXFileReference; fileEncoding = 4; lastKnownFileType = sourcecode.c.h; path = DataSource.h; sourceTree = "<group>"; };
		AAE1F15F1ABB590C0046A783 /* DataSource.m */ = {isa = PBXFileReference; fileEncoding = 4; lastKnownFileType = sourcecode.c.objc; path = DataSource.m; sourceTree = "<group>"; };
/* End PBXFileReference section */

/* Begin PBXFrameworksBuildPhase section */
		AA24BA2D1ABA1F6900635E2B /* Frameworks */ = {
			isa = PBXFrameworksBuildPhase;
			buildActionMask = 2147483647;
			files = (
			);
			runOnlyForDeploymentPostprocessing = 0;
		};
		AA24BA461ABA1F6900635E2B /* Frameworks */ = {
			isa = PBXFrameworksBuildPhase;
			buildActionMask = 2147483647;
			files = (
			);
			runOnlyForDeploymentPostprocessing = 0;
		};
/* End PBXFrameworksBuildPhase section */

/* Begin PBXGroup section */
		AA24BA271ABA1F6900635E2B = {
			isa = PBXGroup;
			children = (
				AA24BA321ABA1F6900635E2B /* Blocstagram */,
				AA24BA4C1ABA1F6900635E2B /* BlocstagramTests */,
				AA24BA311ABA1F6900635E2B /* Products */,
			);
			sourceTree = "<group>";
		};
		AA24BA311ABA1F6900635E2B /* Products */ = {
			isa = PBXGroup;
			children = (
				AA24BA301ABA1F6900635E2B /* Blocstagram.app */,
				AA24BA491ABA1F6900635E2B /* BlocstagramTests.xctest */,
			);
			name = Products;
			sourceTree = "<group>";
		};
		AA24BA321ABA1F6900635E2B /* Blocstagram */ = {
			isa = PBXGroup;
			children = (
				AA24BA591ABA205600635E2B /* Images */,
				AA24BA371ABA1F6900635E2B /* AppDelegate.h */,
				AA24BA381ABA1F6900635E2B /* AppDelegate.m */,
				AA24BA3A1ABA1F6900635E2B /* ViewController.h */,
				AA24BA3B1ABA1F6900635E2B /* ViewController.m */,
				AA24BA711ABA212E00635E2B /* ImagesTableViewController.h */,
				AA24BA721ABA212E00635E2B /* ImagesTableViewController.m */,
				AA4A8D171ABC55190086C23B /* MediaTableViewCell.h */,
				AA4A8D181ABC55190086C23B /* MediaTableViewCell.m */,
				AAE1F1551ABB568F0046A783 /* User.h */,
				AAE1F1561ABB568F0046A783 /* User.m */,
				AAE1F1581ABB57830046A783 /* Media.h */,
				AAE1F1591ABB57830046A783 /* Media.m */,
				AAE1F15B1ABB58590046A783 /* Comment.h */,
				AAE1F15C1ABB58590046A783 /* Comment.m */,
				AAE1F15E1ABB590C0046A783 /* DataSource.h */,
				AAE1F15F1ABB590C0046A783 /* DataSource.m */,
				AA1E93051AC2FEC600E603FA /* LogInViewController.h */,
				AA1E93061AC2FEC600E603FA /* LogInViewController.m */,
				AA24BA401ABA1F6900635E2B /* Images.xcassets */,
				AA24BA331ABA1F6900635E2B /* Supporting Files */,
			);
			path = Blocstagram;
			sourceTree = "<group>";
		};
		AA24BA331ABA1F6900635E2B /* Supporting Files */ = {
			isa = PBXGroup;
			children = (
				AA24BA341ABA1F6900635E2B /* Info.plist */,
				AA24BA351ABA1F6900635E2B /* main.m */,
			);
			name = "Supporting Files";
			sourceTree = "<group>";
		};
		AA24BA4C1ABA1F6900635E2B /* BlocstagramTests */ = {
			isa = PBXGroup;
			children = (
				AA24BA4F1ABA1F6900635E2B /* BlocstagramTests.m */,
				AA24BA4D1ABA1F6900635E2B /* Supporting Files */,
			);
			path = BlocstagramTests;
			sourceTree = "<group>";
		};
		AA24BA4D1ABA1F6900635E2B /* Supporting Files */ = {
			isa = PBXGroup;
			children = (
				AA24BA4E1ABA1F6900635E2B /* Info.plist */,
			);
			name = "Supporting Files";
			sourceTree = "<group>";
		};
		AA24BA591ABA205600635E2B /* Images */ = {
			isa = PBXGroup;
			children = (
				AA24BA5A1ABA20C400635E2B /* 1.jpg */,
				AA24BA5B1ABA20C400635E2B /* 2.jpg */,
				AA24BA5C1ABA20C400635E2B /* 3.jpg */,
				AA24BA5D1ABA20C400635E2B /* 4.jpg */,
				AA24BA5E1ABA20C400635E2B /* 5.jpg */,
				AA24BA5F1ABA20C400635E2B /* 6.jpg */,
				AA24BA601ABA20C400635E2B /* 7.jpg */,
				AA24BA611ABA20C400635E2B /* 8.jpg */,
				AA24BA621ABA20C400635E2B /* 9.jpg */,
				AA24BA631ABA20C400635E2B /* 10.jpg */,
			);
			name = Images;
			sourceTree = "<group>";
		};
/* End PBXGroup section */

/* Begin PBXNativeTarget section */
		AA24BA2F1ABA1F6900635E2B /* Blocstagram */ = {
			isa = PBXNativeTarget;
			buildConfigurationList = AA24BA531ABA1F6900635E2B /* Build configuration list for PBXNativeTarget "Blocstagram" */;
			buildPhases = (
				AA24BA2C1ABA1F6900635E2B /* Sources */,
				AA24BA2D1ABA1F6900635E2B /* Frameworks */,
				AA24BA2E1ABA1F6900635E2B /* Resources */,
			);
			buildRules = (
			);
			dependencies = (
			);
			name = Blocstagram;
			productName = Blocstagram;
			productReference = AA24BA301ABA1F6900635E2B /* Blocstagram.app */;
			productType = "com.apple.product-type.application";
		};
		AA24BA481ABA1F6900635E2B /* BlocstagramTests */ = {
			isa = PBXNativeTarget;
			buildConfigurationList = AA24BA561ABA1F6900635E2B /* Build configuration list for PBXNativeTarget "BlocstagramTests" */;
			buildPhases = (
				AA24BA451ABA1F6900635E2B /* Sources */,
				AA24BA461ABA1F6900635E2B /* Frameworks */,
				AA24BA471ABA1F6900635E2B /* Resources */,
			);
			buildRules = (
			);
			dependencies = (
				AA24BA4B1ABA1F6900635E2B /* PBXTargetDependency */,
			);
			name = BlocstagramTests;
			productName = BlocstagramTests;
			productReference = AA24BA491ABA1F6900635E2B /* BlocstagramTests.xctest */;
			productType = "com.apple.product-type.bundle.unit-test";
		};
/* End PBXNativeTarget section */

/* Begin PBXProject section */
		AA24BA281ABA1F6900635E2B /* Project object */ = {
			isa = PBXProject;
			attributes = {
				LastUpgradeCheck = 0610;
				ORGANIZATIONNAME = Bloc;
				TargetAttributes = {
					AA24BA2F1ABA1F6900635E2B = {
						CreatedOnToolsVersion = 6.1.1;
					};
					AA24BA481ABA1F6900635E2B = {
						CreatedOnToolsVersion = 6.1.1;
						TestTargetID = AA24BA2F1ABA1F6900635E2B;
					};
				};
			};
			buildConfigurationList = AA24BA2B1ABA1F6900635E2B /* Build configuration list for PBXProject "Blocstagram" */;
			compatibilityVersion = "Xcode 3.2";
			developmentRegion = English;
			hasScannedForEncodings = 0;
			knownRegions = (
				en,
				Base,
			);
			mainGroup = AA24BA271ABA1F6900635E2B;
			productRefGroup = AA24BA311ABA1F6900635E2B /* Products */;
			projectDirPath = "";
			projectRoot = "";
			targets = (
				AA24BA2F1ABA1F6900635E2B /* Blocstagram */,
				AA24BA481ABA1F6900635E2B /* BlocstagramTests */,
			);
		};
/* End PBXProject section */

/* Begin PBXResourcesBuildPhase section */
		AA24BA2E1ABA1F6900635E2B /* Resources */ = {
			isa = PBXResourcesBuildPhase;
			buildActionMask = 2147483647;
			files = (
				AA24BA691ABA20C400635E2B /* 6.jpg in Resources */,
				AA24BA651ABA20C400635E2B /* 2.jpg in Resources */,
				AA24BA411ABA1F6900635E2B /* Images.xcassets in Resources */,
				AA24BA6D1ABA20C400635E2B /* 10.jpg in Resources */,
				AA24BA6C1ABA20C400635E2B /* 9.jpg in Resources */,
				AA24BA6B1ABA20C400635E2B /* 8.jpg in Resources */,
				AA24BA6A1ABA20C400635E2B /* 7.jpg in Resources */,
				AA24BA641ABA20C400635E2B /* 1.jpg in Resources */,
				AA24BA681ABA20C400635E2B /* 5.jpg in Resources */,
				AA24BA671ABA20C400635E2B /* 4.jpg in Resources */,
				AA24BA661ABA20C400635E2B /* 3.jpg in Resources */,
			);
			runOnlyForDeploymentPostprocessing = 0;
		};
		AA24BA471ABA1F6900635E2B /* Resources */ = {
			isa = PBXResourcesBuildPhase;
			buildActionMask = 2147483647;
			files = (
			);
			runOnlyForDeploymentPostprocessing = 0;
		};
/* End PBXResourcesBuildPhase section */

/* Begin PBXSourcesBuildPhase section */
		AA24BA2C1ABA1F6900635E2B /* Sources */ = {
			isa = PBXSourcesBuildPhase;
			buildActionMask = 2147483647;
			files = (
				AAE1F15D1ABB58590046A783 /* Comment.m in Sources */,
				AAE1F15A1ABB57830046A783 /* Media.m in Sources */,
				AA1E93071AC2FEC600E603FA /* LogInViewController.m in Sources */,
				AA4A8D191ABC55190086C23B /* MediaTableViewCell.m in Sources */,
				AAE1F1601ABB590C0046A783 /* DataSource.m in Sources */,
				AAE1F1571ABB568F0046A783 /* User.m in Sources */,
				AA24BA3C1ABA1F6900635E2B /* ViewController.m in Sources */,
				AA24BA391ABA1F6900635E2B /* AppDelegate.m in Sources */,
				AA24BA361ABA1F6900635E2B /* main.m in Sources */,
				AA24BA731ABA212E00635E2B /* ImagesTableViewController.m in Sources */,
			);
			runOnlyForDeploymentPostprocessing = 0;
		};
		AA24BA451ABA1F6900635E2B /* Sources */ = {
			isa = PBXSourcesBuildPhase;
			buildActionMask = 2147483647;
			files = (
				AA24BA501ABA1F6900635E2B /* BlocstagramTests.m in Sources */,
			);
			runOnlyForDeploymentPostprocessing = 0;
		};
/* End PBXSourcesBuildPhase section */

/* Begin PBXTargetDependency section */
		AA24BA4B1ABA1F6900635E2B /* PBXTargetDependency */ = {
			isa = PBXTargetDependency;
			target = AA24BA2F1ABA1F6900635E2B /* Blocstagram */;
			targetProxy = AA24BA4A1ABA1F6900635E2B /* PBXContainerItemProxy */;
		};
/* End PBXTargetDependency section */

/* Begin XCBuildConfiguration section */
		AA24BA511ABA1F6900635E2B /* Debug */ = {
			isa = XCBuildConfiguration;
			buildSettings = {
				ALWAYS_SEARCH_USER_PATHS = NO;
				CLANG_CXX_LANGUAGE_STANDARD = "gnu++0x";
				CLANG_CXX_LIBRARY = "libc++";
				CLANG_ENABLE_MODULES = YES;
				CLANG_ENABLE_OBJC_ARC = YES;
				CLANG_WARN_BOOL_CONVERSION = YES;
				CLANG_WARN_CONSTANT_CONVERSION = YES;
				CLANG_WARN_DIRECT_OBJC_ISA_USAGE = YES_ERROR;
				CLANG_WARN_EMPTY_BODY = YES;
				CLANG_WARN_ENUM_CONVERSION = YES;
				CLANG_WARN_INT_CONVERSION = YES;
				CLANG_WARN_OBJC_ROOT_CLASS = YES_ERROR;
				CLANG_WARN_UNREACHABLE_CODE = YES;
				CLANG_WARN__DUPLICATE_METHOD_MATCH = YES;
				"CODE_SIGN_IDENTITY[sdk=iphoneos*]" = "iPhone Developer";
				COPY_PHASE_STRIP = NO;
				ENABLE_STRICT_OBJC_MSGSEND = YES;
				GCC_C_LANGUAGE_STANDARD = gnu99;
				GCC_DYNAMIC_NO_PIC = NO;
				GCC_OPTIMIZATION_LEVEL = 0;
				GCC_PREPROCESSOR_DEFINITIONS = (
					"DEBUG=1",
					"$(inherited)",
				);
				GCC_SYMBOLS_PRIVATE_EXTERN = NO;
				GCC_WARN_64_TO_32_BIT_CONVERSION = YES;
				GCC_WARN_ABOUT_RETURN_TYPE = YES_ERROR;
				GCC_WARN_UNDECLARED_SELECTOR = YES;
				GCC_WARN_UNINITIALIZED_AUTOS = YES_AGGRESSIVE;
				GCC_WARN_UNUSED_FUNCTION = YES;
				GCC_WARN_UNUSED_VARIABLE = YES;
				IPHONEOS_DEPLOYMENT_TARGET = 8.1;
				MTL_ENABLE_DEBUG_INFO = YES;
				ONLY_ACTIVE_ARCH = YES;
				SDKROOT = iphoneos;
				TARGETED_DEVICE_FAMILY = "1,2";
			};
			name = Debug;
		};
		AA24BA521ABA1F6900635E2B /* Release */ = {
			isa = XCBuildConfiguration;
			buildSettings = {
				ALWAYS_SEARCH_USER_PATHS = NO;
				CLANG_CXX_LANGUAGE_STANDARD = "gnu++0x";
				CLANG_CXX_LIBRARY = "libc++";
				CLANG_ENABLE_MODULES = YES;
				CLANG_ENABLE_OBJC_ARC = YES;
				CLANG_WARN_BOOL_CONVERSION = YES;
				CLANG_WARN_CONSTANT_CONVERSION = YES;
				CLANG_WARN_DIRECT_OBJC_ISA_USAGE = YES_ERROR;
				CLANG_WARN_EMPTY_BODY = YES;
				CLANG_WARN_ENUM_CONVERSION = YES;
				CLANG_WARN_INT_CONVERSION = YES;
				CLANG_WARN_OBJC_ROOT_CLASS = YES_ERROR;
				CLANG_WARN_UNREACHABLE_CODE = YES;
				CLANG_WARN__DUPLICATE_METHOD_MATCH = YES;
				"CODE_SIGN_IDENTITY[sdk=iphoneos*]" = "iPhone Developer";
				COPY_PHASE_STRIP = YES;
				ENABLE_NS_ASSERTIONS = NO;
				ENABLE_STRICT_OBJC_MSGSEND = YES;
				GCC_C_LANGUAGE_STANDARD = gnu99;
				GCC_WARN_64_TO_32_BIT_CONVERSION = YES;
				GCC_WARN_ABOUT_RETURN_TYPE = YES_ERROR;
				GCC_WARN_UNDECLARED_SELECTOR = YES;
				GCC_WARN_UNINITIALIZED_AUTOS = YES_AGGRESSIVE;
				GCC_WARN_UNUSED_FUNCTION = YES;
				GCC_WARN_UNUSED_VARIABLE = YES;
				IPHONEOS_DEPLOYMENT_TARGET = 8.1;
				MTL_ENABLE_DEBUG_INFO = NO;
				SDKROOT = iphoneos;
				TARGETED_DEVICE_FAMILY = "1,2";
				VALIDATE_PRODUCT = YES;
			};
			name = Release;
		};
		AA24BA541ABA1F6900635E2B /* Debug */ = {
			isa = XCBuildConfiguration;
			buildSettings = {
				ASSETCATALOG_COMPILER_APPICON_NAME = AppIcon;
				INFOPLIST_FILE = Blocstagram/Info.plist;
				LD_RUNPATH_SEARCH_PATHS = "$(inherited) @executable_path/Frameworks";
				PRODUCT_NAME = "$(TARGET_NAME)";
			};
			name = Debug;
		};
		AA24BA551ABA1F6900635E2B /* Release */ = {
			isa = XCBuildConfiguration;
			buildSettings = {
				ASSETCATALOG_COMPILER_APPICON_NAME = AppIcon;
				INFOPLIST_FILE = Blocstagram/Info.plist;
				LD_RUNPATH_SEARCH_PATHS = "$(inherited) @executable_path/Frameworks";
				PRODUCT_NAME = "$(TARGET_NAME)";
			};
			name = Release;
		};
		AA24BA571ABA1F6900635E2B /* Debug */ = {
			isa = XCBuildConfiguration;
			buildSettings = {
				BUNDLE_LOADER = "$(TEST_HOST)";
				FRAMEWORK_SEARCH_PATHS = (
					"$(SDKROOT)/Developer/Library/Frameworks",
					"$(inherited)",
				);
				GCC_PREPROCESSOR_DEFINITIONS = (
					"DEBUG=1",
					"$(inherited)",
				);
				INFOPLIST_FILE = BlocstagramTests/Info.plist;
				LD_RUNPATH_SEARCH_PATHS = "$(inherited) @executable_path/Frameworks @loader_path/Frameworks";
				PRODUCT_NAME = "$(TARGET_NAME)";
				TEST_HOST = "$(BUILT_PRODUCTS_DIR)/Blocstagram.app/Blocstagram";
			};
			name = Debug;
		};
		AA24BA581ABA1F6900635E2B /* Release */ = {
			isa = XCBuildConfiguration;
			buildSettings = {
				BUNDLE_LOADER = "$(TEST_HOST)";
				FRAMEWORK_SEARCH_PATHS = (
					"$(SDKROOT)/Developer/Library/Frameworks",
					"$(inherited)",
				);
				INFOPLIST_FILE = BlocstagramTests/Info.plist;
				LD_RUNPATH_SEARCH_PATHS = "$(inherited) @executable_path/Frameworks @loader_path/Frameworks";
				PRODUCT_NAME = "$(TARGET_NAME)";
				TEST_HOST = "$(BUILT_PRODUCTS_DIR)/Blocstagram.app/Blocstagram";
			};
			name = Release;
		};
/* End XCBuildConfiguration section */

/* Begin XCConfigurationList section */
		AA24BA2B1ABA1F6900635E2B /* Build configuration list for PBXProject "Blocstagram" */ = {
			isa = XCConfigurationList;
			buildConfigurations = (
				AA24BA511ABA1F6900635E2B /* Debug */,
				AA24BA521ABA1F6900635E2B /* Release */,
			);
			defaultConfigurationIsVisible = 0;
			defaultConfigurationName = Release;
		};
		AA24BA531ABA1F6900635E2B /* Build configuration list for PBXNativeTarget "Blocstagram" */ = {
			isa = XCConfigurationList;
			buildConfigurations = (
				AA24BA541ABA1F6900635E2B /* Debug */,
				AA24BA551ABA1F6900635E2B /* Release */,
			);
			defaultConfigurationIsVisible = 0;
			defaultConfigurationName = Release;
		};
		AA24BA561ABA1F6900635E2B /* Build configuration list for PBXNativeTarget "BlocstagramTests" */ = {
			isa = XCConfigurationList;
			buildConfigurations = (
				AA24BA571ABA1F6900635E2B /* Debug */,
				AA24BA581ABA1F6900635E2B /* Release */,
			);
			defaultConfigurationIsVisible = 0;
			defaultConfigurationName = Release;
		};
/* End XCConfigurationList section */
	};
	rootObject = AA24BA281ABA1F6900635E2B /* Project object */;
}
